schema = "reprobuild.solved-graph-lock.v2"

[lock]
platform = "amd64-linux"
optimal = false
inputs_digest = "fnv1a64:839d314a712b21c7"
variants = []
packages = [{ name = "gcc", version = "12.0.0", source = "gcc", selection = "selected" }, { name = "nim", version = "2.0.0", source = "nim", selection = "selected" }, { name = "nim_libvterm", version = "0.1.0", source = "nim_libvterm", selection = "selected" }]
deps = [{ name = "nim-libvterm", path = ".", coord_kind = "vcs", url = "https://github.com/metacraft-labs/nim-libvterm", ref = "agents-to-dev-2026-10-03", revision = "5be5f4281702d244cf8aaea3bc9a807b8a713af4", integrity = "git-sha1:5be5f4281702d244cf8aaea3bc9a807b8a713af4", version = "", visibility = "public", participation = "", depends = "", tags = "" }]
