schema = "reprobuild.solved-graph-lock.v2"

[lock]
platform = "amd64-linux"
optimal = false
inputs_digest = "fnv1a64:f70a8f2c688c1432"
variants = []
packages = [{ name = "bash", version = "4.0.0", source = "bash", selection = "selected" }, { name = "gcc", version = "12.0.0", source = "gcc", selection = "selected" }, { name = "nim", version = "2.0.0", source = "nim", selection = "selected" }, { name = "nim_libvterm", version = "0.1.0", source = "nim_libvterm", selection = "selected" }]
deps = [{ name = "nim-libvterm", path = ".", coord_kind = "vcs", url = "https://github.com/metacraft-labs/nim-libvterm", ref = "agents-to-dev-2026-10-03", revision = "bc2b367f0b62ac22e6d4a5657b16d1ab1b2f9b5c", integrity = "git-sha1:bc2b367f0b62ac22e6d4a5657b16d1ab1b2f9b5c", version = "", visibility = "public", participation = "", depends = "", tags = "" }]
